dependencies:
- name: victoria-metrics-operator
  repository: https://victoriametrics.github.io/helm-charts
  version: 0.31.2
- name: kube-state-metrics
  repository: https://prometheus-community.github.io/helm-charts
  version: 5.19.1
- name: prometheus-node-exporter
  repository: https://prometheus-community.github.io/helm-charts
  version: 4.34.0
- name: grafana
  repository: https://grafana.github.io/helm-charts
  version: 7.3.11
- name: crds
  repository: ""
  version: 0.0.0
- name: prometheus-operator-crds
  repository: https://prometheus-community.github.io/helm-charts
  version: 11.0.0
digest: sha256:de323a895c10caba005360bfbbe04b0a9061242635f84435772af192b35ce74a
generated: "2024-05-31T23:02:34.138876483+03:00"
